
Microsoft Visual Studio Solution File, Format Version 12.00
# Visual Studio Version 17
VisualStudioVersion = 17.8.34525.116
MinimumVisualStudioVersion = 10.0.40219.1
Project("{FAE04EC0-301F-11D3-BF4B-00C04F79EFBC}") = "FoodApplication", "FoodApplication.csproj", "{D97C5819-5E97-4F36-8AFE-E5250828EB40}"
EndProject
Global
	GlobalSection(SolutionConfigurationPlatforms) = preSolution
		Debug|Any CPU = Debug|Any CPU
		Release|Any CPU = Release|Any CPU
	EndGlobalSection
	GlobalSection(ProjectConfigurationPlatforms) = postSolution
		{D97C5819-5E97-4F36-8AFE-E5250828EB40}.Debug|Any CPU.ActiveCfg = Debug|Any CPU
		{D97C5819-5E97-4F36-8AFE-E5250828EB40}.Debug|Any CPU.Build.0 = Debug|Any CPU
		{D97C5819-5E97-4F36-8AFE-E5250828EB40}.Release|Any CPU.ActiveCfg = Release|Any CPU
		{D97C5819-5E97-4F36-8AFE-E5250828EB40}.Release|Any CPU.Build.0 = Release|Any CPU
	EndGlobalSection
	GlobalSection(SolutionProperties) = preSolution
		HideSolutionNode = FALSE
	EndGlobalSection
	GlobalSection(ExtensibilityGlobals) = postSolution
		SolutionGuid = {D06C148B-C1D8-4E9E-A66A-3864FBEB14A9}
	EndGlobalSection
EndGlobal
